github.com/stealthrocket/fsinfo v0.1.1 h1:39UOleFNvnsTI6Jd2cXKQa1cVk80K0NH3OEj9k5IAHo=
github.com/stealthrocket/fsinfo v0.1.1/go.mod h1:oQVRGlbYCfBmLKWxe+Y2KNUAg8DovaxEaVz/21zZkb4=
github.com/stealthrocket/fslink v0.1.3 h1:8sw0b0Z9Lhq6SsS6YwgbfoJWarSfezkceD8PkeXe1rA=
github.com/stealthrocket/fslink v0.1.3/go.mod h1:baywhBEE2Cn82BssxlBVEP1l5qM/AhDY8a5Vg8MCGZw=
github.com/stealthrocket/fstest v0.1.5 h1:QbnoVFV7jUfh1vDFFh3U4Z+B05t+jBLOBsu2H13c0RQ=
github.com/stealthrocket/fstest v0.1.5/go.mod h1:oOMQ7ToTsZT5DphQQC2wfIZp31nsUsZRtnjQSt41bvU=
